
Microsoft Visual Studio Solution File, Format Version 12.00
# Visual Studio 15
VisualStudioVersion = 15.0.27428.2011
MinimumVisualStudioVersion = 10.0.40219.1
Project("{8BC9CEB8-8B4A-11D0-8D11-00A0C91BC942}") = "ghoust", "ghoust\ghoust.vcxproj", "{82C15976-1B15-412A-AE0C-921AF4F4E92C}"
EndProject
Project("{2150E333-8FDC-42A3-9474-1A3956D46DE8}") = "Solution Items", "Solution Items", "{EC25B486-2B06-4738-A2BF-4E6615E70944}"
	ProjectSection(SolutionItems) = preProject
		ghoust\LogicManager.cpp = ghoust\LogicManager.cpp
		ghoust\LogicManager.h = ghoust\LogicManager.h
	EndProjectSection
EndProject
Global
	GlobalSection(SolutionConfigurationPlatforms) = preSolution
		Debug|x64 = Debug|x64
		Debug|x86 = Debug|x86
		Release|x64 = Release|x64
		Release|x86 = Release|x86
	EndGlobalSection
	GlobalSection(ProjectConfigurationPlatforms) = postSolution
		{82C15976-1B15-412A-AE0C-921AF4F4E92C}.Debug|x64.ActiveCfg = Debug|x64
		{82C15976-1B15-412A-AE0C-921AF4F4E92C}.Debug|x64.Build.0 = Debug|x64
		{82C15976-1B15-412A-AE0C-921AF4F4E92C}.Debug|x86.ActiveCfg = Debug|Win32
		{82C15976-1B15-412A-AE0C-921AF4F4E92C}.Debug|x86.Build.0 = Debug|Win32
		{82C15976-1B15-412A-AE0C-921AF4F4E92C}.Release|x64.ActiveCfg = Release|x64
		{82C15976-1B15-412A-AE0C-921AF4F4E92C}.Release|x64.Build.0 = Release|x64
		{82C15976-1B15-412A-AE0C-921AF4F4E92C}.Release|x86.ActiveCfg = Release|Win32
		{82C15976-1B15-412A-AE0C-921AF4F4E92C}.Release|x86.Build.0 = Release|Win32
	EndGlobalSection
	GlobalSection(SolutionProperties) = preSolution
		HideSolutionNode = FALSE
	EndGlobalSection
	GlobalSection(ExtensibilityGlobals) = postSolution
		SolutionGuid = {158DE5BF-AA54-4B43-8D78-8DE1DBD825AF}
	EndGlobalSection
EndGlobal
