<?xml version="1.0" encoding="utf-8"?>
<Project ToolsVersion="4.0" xmlns="http://schemas.microsoft.com/developer/msbuild/2003">
  <ItemGroup>
    <Filter Include="Source Files">
      <UniqueIdentifier>{4FC737F1-C7A5-4376-A066-2A32D752A2FF}</UniqueIdentifier>
      <Extensions>cpp;c;cc;cxx;def;odl;idl;hpj;bat;asm;asmx</Extensions>
    </Filter>
    <Filter Include="Header Files">
      <UniqueIdentifier>{93995380-89BD-4b04-88EB-625FBE52EBFB}</UniqueIdentifier>
      <Extensions>h;hh;hpp;hxx;hm;inl;inc;ipp;xsd</Extensions>
    </Filter>
    <Filter Include="Resource Files">
      <UniqueIdentifier>{67DA6AB6-F800-4c08-8B7A-83BB121AAD01}</UniqueIdentifier>
      <Extensions>rc;ico;cur;bmp;dlg;rc2;rct;bin;rgs;gif;jpg;jpeg;jpe;resx;tiff;tif;png;wav;mfcribbon-ms</Extensions>
    </Filter>
    <Filter Include="Header Files\Object">
      <UniqueIdentifier>{174b3615-7726-45fb-966b-b701700bfe1a}</UniqueIdentifier>
    </Filter>
    <Filter Include="Header Files\Object\ObjectType">
      <UniqueIdentifier>{4490be12-6ca1-4a1d-bf29-e9a52a697296}</UniqueIdentifier>
    </Filter>
    <Filter Include="Header Files\Object\Guid">
      <UniqueIdentifier>{6ce76601-76c6-4006-8653-102c8a40ad04}</UniqueIdentifier>
    </Filter>
    <Filter Include="Header Files\Resources">
      <UniqueIdentifier>{2ff27d46-0f0b-4b53-9257-2560aa68cf95}</UniqueIdentifier>
    </Filter>
    <Filter Include="Header Files\Logic">
      <UniqueIdentifier>{a380204f-37f4-4e5c-9965-ea4be4cb0814}</UniqueIdentifier>
    </Filter>
    <Filter Include="Header Files\Logic\Definition">
      <UniqueIdentifier>{166d22f2-82ec-4ab9-8ce6-1468d64394a2}</UniqueIdentifier>
    </Filter>
    <Filter Include="Header Files\Object\ClassType">
      <UniqueIdentifier>{687e00e3-e2c2-4c01-8a82-6d48c5563296}</UniqueIdentifier>
    </Filter>
    <Filter Include="Header Files\Properties">
      <UniqueIdentifier>{80a2c831-36b3-4ec7-8c27-84485ee9f093}</UniqueIdentifier>
    </Filter>
    <Filter Include="Header Files\Action">
      <UniqueIdentifier>{07f10da7-3b36-406a-b6e0-2df579905208}</UniqueIdentifier>
    </Filter>
    <Filter Include="Header Files\Action\Definition">
      <UniqueIdentifier>{75f47374-b5ed-4c3c-93f9-9cd19b1fbf6c}</UniqueIdentifier>
    </Filter>
    <Filter Include="Header Files\Action\ActionType">
      <UniqueIdentifier>{fb59751b-ff93-4627-94fb-d22edc60264c}</UniqueIdentifier>
    </Filter>
    <Filter Include="Header Files\Memory">
      <UniqueIdentifier>{dcdc9388-73b6-4ab5-92a7-84cc635c15c3}</UniqueIdentifier>
    </Filter>
    <Filter Include="Header Files\Memory\MemoryAddress">
      <UniqueIdentifier>{83cbc89d-7c12-400f-8857-52c9c952e09d}</UniqueIdentifier>
    </Filter>
    <Filter Include="Header Files\Memory\Definition">
      <UniqueIdentifier>{b3f3f531-b1c3-49f0-953c-53db4f9bfae6}</UniqueIdentifier>
    </Filter>
    <Filter Include="Header Files\Window">
      <UniqueIdentifier>{49ef29d8-a578-4afa-b771-735b1558e0bd}</UniqueIdentifier>
    </Filter>
    <Filter Include="Header Files\Window\Definition">
      <UniqueIdentifier>{7453ffde-9974-4806-b010-af2a12955dac}</UniqueIdentifier>
    </Filter>
    <Filter Include="Header Files\Object\SpellDefinition">
      <UniqueIdentifier>{d021e86b-8a89-44a0-94ee-44461e264eef}</UniqueIdentifier>
    </Filter>
    <Filter Include="Header Files\Utils">
      <UniqueIdentifier>{b436d6ed-3158-4131-8f3c-ae7c8d31f59e}</UniqueIdentifier>
    </Filter>
    <Filter Include="Header Files\Object\Flag">
      <UniqueIdentifier>{86021fbf-f673-44f4-93d1-3c797d71bb99}</UniqueIdentifier>
    </Filter>
    <Filter Include="Header Files\Object\Definition">
      <UniqueIdentifier>{cfa3ca77-667a-4952-9280-6404b52134d6}</UniqueIdentifier>
    </Filter>
    <Filter Include="Header Files\Movement">
      <UniqueIdentifier>{d30175a2-8056-49d9-abbc-924ddfa16a75}</UniqueIdentifier>
    </Filter>
  </ItemGroup>
  <ItemGroup>
    <ClInclude Include="ObjectType.h">
      <Filter>Header Files\Object\ObjectType</Filter>
    </ClInclude>
    <ClInclude Include="ObjectManager.h">
      <Filter>Header Files\Object</Filter>
    </ClInclude>
    <ClInclude Include="PlayerObject.h">
      <Filter>Header Files\Object</Filter>
    </ClInclude>
    <ClInclude Include="WowObject.h">
      <Filter>Header Files\Object</Filter>
    </ClInclude>
    <ClInclude Include="ActionType.h">
      <Filter>Header Files\Action\ActionType</Filter>
    </ClInclude>
    <ClInclude Include="MemoryAddress.h">
      <Filter>Header Files\Memory\MemoryAddress</Filter>
    </ClInclude>
    <ClInclude Include="Guid.h">
      <Filter>Header Files\Object\Guid</Filter>
    </ClInclude>
    <ClInclude Include="resource.h">
      <Filter>Header Files\Resources</Filter>
    </ClInclude>
    <ClInclude Include="stdafx.h">
      <Filter>Header Files\Resources</Filter>
    </ClInclude>
    <ClInclude Include="targetver.h">
      <Filter>Header Files\Resources</Filter>
    </ClInclude>
    <ClInclude Include="CreatureObject.h">
      <Filter>Header Files\Object</Filter>
    </ClInclude>
    <ClInclude Include="Logic.h">
      <Filter>Header Files\Logic</Filter>
    </ClInclude>
    <ClInclude Include="WarlockLogic.h">
      <Filter>Header Files\Logic</Filter>
    </ClInclude>
    <ClInclude Include="LogicFactory.h">
      <Filter>Header Files\Logic</Filter>
    </ClInclude>
    <ClInclude Include="ClassType.h">
      <Filter>Header Files\Object\ClassType</Filter>
    </ClInclude>
    <ClInclude Include="Properties.h">
      <Filter>Header Files\Properties</Filter>
    </ClInclude>
    <ClInclude Include="LogicManager.h">
      <Filter>Header Files\Logic</Filter>
    </ClInclude>
    <ClInclude Include="ActionManager.h">
      <Filter>Header Files\Action</Filter>
    </ClInclude>
    <ClInclude Include="MemoryReader.h">
      <Filter>Header Files\Memory</Filter>
    </ClInclude>
    <ClInclude Include="WindowManager.h">
      <Filter>Header Files\Window</Filter>
    </ClInclude>
    <ClInclude Include="SpellDefinition.h">
      <Filter>Header Files\Object\SpellDefinition</Filter>
    </ClInclude>
    <ClInclude Include="SpellManager.h">
      <Filter>Header Files\Object\SpellDefinition</Filter>
    </ClInclude>
    <ClInclude Include="Utils.h">
      <Filter>Header Files\Utils</Filter>
    </ClInclude>
    <ClInclude Include="Flag.h">
      <Filter>Header Files\Object\Flag</Filter>
    </ClInclude>
    <ClInclude Include="NpcObject.h">
      <Filter>Header Files\Object</Filter>
    </ClInclude>
    <ClInclude Include="MovementHelper.h">
      <Filter>Header Files\Movement</Filter>
    </ClInclude>
    <ClInclude Include="Position.h">
      <Filter>Header Files\Movement</Filter>
    </ClInclude>
  </ItemGroup>
  <ItemGroup>
    <ClCompile Include="stdafx.cpp">
      <Filter>Source Files</Filter>
    </ClCompile>
    <ClCompile Include="Ghoust.cpp">
      <Filter>Source Files</Filter>
    </ClCompile>
    <ClCompile Include="WarlockLogic.cpp">
      <Filter>Header Files\Logic\Definition</Filter>
    </ClCompile>
    <ClCompile Include="Properties.cpp">
      <Filter>Header Files\Properties</Filter>
    </ClCompile>
    <ClCompile Include="LogicManager.cpp">
      <Filter>Header Files\Logic\Definition</Filter>
    </ClCompile>
    <ClCompile Include="ActionManager.cpp">
      <Filter>Header Files\Action\Definition</Filter>
    </ClCompile>
    <ClCompile Include="MemoryReader.cpp">
      <Filter>Header Files\Memory\Definition</Filter>
    </ClCompile>
    <ClCompile Include="WindowManager.cpp">
      <Filter>Header Files\Window\Definition</Filter>
    </ClCompile>
    <ClCompile Include="SpellManager.cpp">
      <Filter>Header Files\Object\SpellDefinition</Filter>
    </ClCompile>
    <ClCompile Include="Logic.cpp">
      <Filter>Header Files\Logic\Definition</Filter>
    </ClCompile>
    <ClCompile Include="ObjectManager.cpp">
      <Filter>Header Files\Object\Definition</Filter>
    </ClCompile>
    <ClCompile Include="NpcObject.cpp">
      <Filter>Header Files\Object\Definition</Filter>
    </ClCompile>
    <ClCompile Include="MovementHelper.cpp">
      <Filter>Header Files\Movement</Filter>
    </ClCompile>
  </ItemGroup>
  <ItemGroup>
    <ResourceCompile Include="ghoust.rc">
      <Filter>Resource Files</Filter>
    </ResourceCompile>
  </ItemGroup>
</Project>